
Microsoft Visual Studio Solution File, Format Version 12.00
# Visual Studio Version 16
VisualStudioVersion = 16.0.30320.27
MinimumVisualStudioVersion = 10.0.40219.1
Project("{FAE04EC0-301F-11D3-BF4B-00C04F79EFBC}") = "SQL test", "SQL test.csproj", "{6C092054-C6C4-4FE7-8E86-5980B80F54B5}"
EndProject
Global
	GlobalSection(SolutionConfigurationPlatforms) = preSolution
		Debug|Any CPU = Debug|Any CPU
		Release|Any CPU = Release|Any CPU
	EndGlobalSection
	GlobalSection(ProjectConfigurationPlatforms) = postSolution
		{6C092054-C6C4-4FE7-8E86-5980B80F54B5}.Debug|Any CPU.ActiveCfg = Debug|Any CPU
		{6C092054-C6C4-4FE7-8E86-5980B80F54B5}.Debug|Any CPU.Build.0 = Debug|Any CPU
		{6C092054-C6C4-4FE7-8E86-5980B80F54B5}.Release|Any CPU.ActiveCfg = Release|Any CPU
		{6C092054-C6C4-4FE7-8E86-5980B80F54B5}.Release|Any CPU.Build.0 = Release|Any CPU
	EndGlobalSection
	GlobalSection(SolutionProperties) = preSolution
		HideSolutionNode = FALSE
	EndGlobalSection
	GlobalSection(ExtensibilityGlobals) = postSolution
		SolutionGuid = {5107136E-D5E4-46F3-9CD0-E13969EC7221}
	EndGlobalSection
EndGlobal
